
Microsoft Visual Studio Solution File, Format Version 12.00
# Visual Studio Version 17
VisualStudioVersion = 17.13.35818.85
MinimumVisualStudioVersion = 10.0.40219.1
Project("{FAE04EC0-301F-11D3-BF4B-00C04F79EFBC}") = "TechTerra", "TechTerra.csproj", "{2414F73E-9633-472B-9F30-109235641616}"
EndProject
Global
	GlobalSection(SolutionConfigurationPlatforms) = preSolution
		Debug|Any CPU = Debug|Any CPU
		Release|Any CPU = Release|Any CPU
	EndGlobalSection
	GlobalSection(ProjectConfigurationPlatforms) = postSolution
		{2414F73E-9633-472B-9F30-109235641616}.Debug|Any CPU.ActiveCfg = Debug|Any CPU
		{2414F73E-9633-472B-9F30-109235641616}.Debug|Any CPU.Build.0 = Debug|Any CPU
		{2414F73E-9633-472B-9F30-109235641616}.Release|Any CPU.ActiveCfg = Release|Any CPU
		{2414F73E-9633-472B-9F30-109235641616}.Release|Any CPU.Build.0 = Release|Any CPU
	EndGlobalSection
	GlobalSection(SolutionProperties) = preSolution
		HideSolutionNode = FALSE
	EndGlobalSection
	GlobalSection(ExtensibilityGlobals) = postSolution
		SolutionGuid = {9A8A3A92-D81A-493A-8A76-72882FEA6AC6}
	EndGlobalSection
EndGlobal
